
Microsoft Visual Studio Solution File, Format Version 12.00
# Visual Studio Version 16
VisualStudioVersion = 16.0.31613.86
MinimumVisualStudioVersion = 10.0.40219.1
Project("{FAE04EC0-301F-11D3-BF4B-00C04F79EFBC}") = "CRUD", "CRUD\CRUD.csproj", "{1FF230D1-9B43-48C9-A82B-E35642CD6697}"
EndProject
Global
	GlobalSection(SolutionConfigurationPlatforms) = preSolution
		Debug|Any CPU = Debug|Any CPU
		Release|Any CPU = Release|Any CPU
	EndGlobalSection
	GlobalSection(ProjectConfigurationPlatforms) = postSolution
		{1FF230D1-9B43-48C9-A82B-E35642CD6697}.Debug|Any CPU.ActiveCfg = Debug|Any CPU
		{1FF230D1-9B43-48C9-A82B-E35642CD6697}.Debug|Any CPU.Build.0 = Debug|Any CPU
		{1FF230D1-9B43-48C9-A82B-E35642CD6697}.Release|Any CPU.ActiveCfg = Release|Any CPU
		{1FF230D1-9B43-48C9-A82B-E35642CD6697}.Release|Any CPU.Build.0 = Release|Any CPU
	EndGlobalSection
	GlobalSection(SolutionProperties) = preSolution
		HideSolutionNode = FALSE
	EndGlobalSection
	GlobalSection(ExtensibilityGlobals) = postSolution
		SolutionGuid = {C6590843-0AB8-421E-9E32-E912D373B531}
	EndGlobalSection
EndGlobal
